// !$*UTF8*$!
{
	archiveVersion = 1;
	classes = {
	};
	objectVersion = 50;
	objects = {

/* Begin PBXBuildFile section */
		DAD507A4270453A10051165F /* AppDelegate.swift in Sources */ = {isa = PBXBuildFile; fileRef = DAD507A3270453A10051165F /* AppDelegate.swift */; };
		DAD507A6270453A10051165F /* SceneDelegate.swift in Sources */ = {isa = PBXBuildFile; fileRef = DAD507A5270453A10051165F /* SceneDelegate.swift */; };
		DAD507A8270453A10051165F /* ViewController.swift in Sources */ = {isa = PBXBuildFile; fileRef = DAD507A7270453A10051165F /* ViewController.swift */; };
		DAD507AB270453A10051165F /* Main.storyboard in Resources */ = {isa = PBXBuildFile; fileRef = DAD507A9270453A10051165F /* Main.storyboard */; };
		DAD507AD270453A30051165F /* Assets.xcassets in Resources */ = {isa = PBXBuildFile; fileRef = DAD507AC270453A30051165F /* Assets.xcassets */; };
		DAD507B0270453A30051165F /* LaunchScreen.storyboard in Resources */ = {isa = PBXBuildFile; fileRef = DAD507AE270453A30051165F /* LaunchScreen.storyboard */; };
		DAD507BB270453A40051165F /* QRnaTests.swift in Sources */ = {isa = PBXBuildFile; fileRef = DAD507BA270453A40051165F /* QRnaTests.swift */; };
		DAD507C6270453A40051165F /* QRnaUITests.swift in Sources */ = {isa = PBXBuildFile; fileRef = DAD507C5270453A40051165F /* QRnaUITests.swift */; };
/* End PBXBuildFile section */

/* Begin PBXContainerItemProxy section */
		DAD507B7270453A40051165F /* PBXContainerItemProxy */ = {
			isa = PBXContainerItemProxy;
			containerPortal = DAD50798270453A10051165F /* Project object */;
			proxyType = 1;
			remoteGlobalIDString = DAD5079F270453A10051165F;
			remoteInfo = QRna;
		};
		DAD507C2270453A40051165F /* PBXContainerItemProxy */ = {
			isa = PBXContainerItemProxy;
			containerPortal = DAD50798270453A10051165F /* Project object */;
			proxyType = 1;
			remoteGlobalIDString = DAD5079F270453A10051165F;
			remoteInfo = QRna;
		};
/* End PBXContainerItemProxy section */

/* Begin PBXFileReference section */
		DAD507A0270453A10051165F /* QRna.app */ = {isa = PBXFileReference; explicitFileType = wrapper.application; includeInIndex = 0; path = QRna.app; sourceTree = BUILT_PRODUCTS_DIR; };
		DAD507A3270453A10051165F /* AppDelegate.swift */ = {isa = PBXFileReference; lastKnownFileType = sourcecode.swift; path = AppDelegate.swift; sourceTree = "<group>"; };
		DAD507A5270453A10051165F /* SceneDelegate.swift */ = {isa = PBXFileReference; lastKnownFileType = sourcecode.swift; path = SceneDelegate.swift; sourceTree = "<group>"; };
		DAD507A7270453A10051165F /* ViewController.swift */ = {isa = PBXFileReference; lastKnownFileType = sourcecode.swift; path = ViewController.swift; sourceTree = "<group>"; };
		DAD507AA270453A10051165F /* Base */ = {isa = PBXFileReference; lastKnownFileType = file.storyboard; name = Base; path = Base.lproj/Main.storyboard; sourceTree = "<group>"; };
		DAD507AC270453A30051165F /* Assets.xcassets */ = {isa = PBXFileReference; lastKnownFileType = folder.assetcatalog; path = Assets.xcassets; sourceTree = "<group>"; };
		DAD507AF270453A30051165F /* Base */ = {isa = PBXFileReference; lastKnownFileType = file.storyboard; name = Base; path = Base.lproj/LaunchScreen.storyboard; sourceTree = "<group>"; };
		DAD507B1270453A30051165F /* Info.plist */ = {isa = PBXFileReference; lastKnownFileType = text.plist.xml; path = Info.plist; sourceTree = "<group>"; };
		DAD507B6270453A40051165F /* QRnaTests.xctest */ = {isa = PBXFileReference; explicitFileType = wrapper.cfbundle; includeInIndex = 0; path = QRnaTests.xctest; sourceTree = BUILT_PRODUCTS_DIR; };
		DAD507BA270453A40051165F /* QRnaTests.swift */ = {isa = PBXFileReference; lastKnownFileType = sourcecode.swift; path = QRnaTests.swift; sourceTree = "<group>"; };
		DAD507BC270453A40051165F /* Info.plist */ = {isa = PBXFileReference; lastKnownFileType = text.plist.xml; path = Info.plist; sourceTree = "<group>"; };
		DAD507C1270453A40051165F /* QRnaUITests.xctest */ = {isa = PBXFileReference; explicitFileType = wrapper.cfbundle; includeInIndex = 0; path = QRnaUITests.xctest; sourceTree = BUILT_PRODUCTS_DIR; };
		DAD507C5270453A40051165F /* QRnaUITests.swift */ = {isa = PBXFileReference; lastKnownFileType = sourcecode.swift; path = QRnaUITests.swift; sourceTree = "<group>"; };
		DAD507C7270453A40051165F /* Info.plist */ = {isa = PBXFileReference; lastKnownFileType = text.plist.xml; path = Info.plist; sourceTree = "<group>"; };
/* End PBXFileReference section */

/* Begin PBXFrameworksBuildPhase section */
		DAD5079D270453A10051165F /* Frameworks */ = {
			isa = PBXFrameworksBuildPhase;
			buildActionMask = 2147483647;
			files = (
			);
			runOnlyForDeploymentPostprocessing = 0;
		};
		DAD507B3270453A40051165F /* Frameworks */ = {
			isa = PBXFrameworksBuildPhase;
			buildActionMask = 2147483647;
			files = (
			);
			runOnlyForDeploymentPostprocessing = 0;
		};
		DAD507BE270453A40051165F /* Frameworks */ = {
			isa = PBXFrameworksBuildPhase;
			buildActionMask = 2147483647;
			files = (
			);
			runOnlyForDeploymentPostprocessing = 0;
		};
/* End PBXFrameworksBuildPhase section */

/* Begin PBXGroup section */
		DAD50797270453A10051165F = {
			isa = PBXGroup;
			children = (
				DAD507A2270453A10051165F /* QRna */,
				DAD507B9270453A40051165F /* QRnaTests */,
				DAD507C4270453A40051165F /* QRnaUITests */,
				DAD507A1270453A10051165F /* Products */,
			);
			sourceTree = "<group>";
		};
		DAD507A1270453A10051165F /* Products */ = {
			isa = PBXGroup;
			children = (
				DAD507A0270453A10051165F /* QRna.app */,
				DAD507B6270453A40051165F /* QRnaTests.xctest */,
				DAD507C1270453A40051165F /* QRnaUITests.xctest */,
			);
			name = Products;
			sourceTree = "<group>";
		};
		DAD507A2270453A10051165F /* QRna */ = {
			isa = PBXGroup;
			children = (
				DAD507A3270453A10051165F /* AppDelegate.swift */,
				DAD507A5270453A10051165F /* SceneDelegate.swift */,
				DAD507A7270453A10051165F /* ViewController.swift */,
				DAD507A9270453A10051165F /* Main.storyboard */,
				DAD507AC270453A30051165F /* Assets.xcassets */,
				DAD507AE270453A30051165F /* LaunchScreen.storyboard */,
				DAD507B1270453A30051165F /* Info.plist */,
			);
			path = QRna;
			sourceTree = "<group>";
		};
		DAD507B9270453A40051165F /* QRnaTests */ = {
			isa = PBXGroup;
			children = (
				DAD507BA270453A40051165F /* QRnaTests.swift */,
				DAD507BC270453A40051165F /* Info.plist */,
			);
			path = QRnaTests;
			sourceTree = "<group>";
		};
		DAD507C4270453A40051165F /* QRnaUITests */ = {
			isa = PBXGroup;
			children = (
				DAD507C5270453A40051165F /* QRnaUITests.swift */,
				DAD507C7270453A40051165F /* Info.plist */,
			);
			path = QRnaUITests;
			sourceTree = "<group>";
		};
/* End PBXGroup section */

/* Begin PBXNativeTarget section */
		DAD5079F270453A10051165F /* QRna */ = {
			isa = PBXNativeTarget;
			buildConfigurationList = DAD507CA270453A40051165F /* Build configuration list for PBXNativeTarget "QRna" */;
			buildPhases = (
				DAD5079C270453A10051165F /* Sources */,
				DAD5079D270453A10051165F /* Frameworks */,
				DAD5079E270453A10051165F /* Resources */,
			);
			buildRules = (
			);
			dependencies = (
			);
			name = QRna;
			productName = QRna;
			productReference = DAD507A0270453A10051165F /* QRna.app */;
			productType = "com.apple.product-type.application";
		};
		DAD507B5270453A40051165F /* QRnaTests */ = {
			isa = PBXNativeTarget;
			buildConfigurationList = DAD507CD270453A40051165F /* Build configuration list for PBXNativeTarget "QRnaTests" */;
			buildPhases = (
				DAD507B2270453A40051165F /* Sources */,
				DAD507B3270453A40051165F /* Frameworks */,
				DAD507B4270453A40051165F /* Resources */,
			);
			buildRules = (
			);
			dependencies = (
				DAD507B8270453A40051165F /* PBXTargetDependency */,
			);
			name = QRnaTests;
			productName = QRnaTests;
			productReference = DAD507B6270453A40051165F /* QRnaTests.xctest */;
			productType = "com.apple.product-type.bundle.unit-test";
		};
		DAD507C0270453A40051165F /* QRnaUITests */ = {
			isa = PBXNativeTarget;
			buildConfigurationList = DAD507D0270453A40051165F /* Build configuration list for PBXNativeTarget "QRnaUITests" */;
			buildPhases = (
				DAD507BD270453A40051165F /* Sources */,
				DAD507BE270453A40051165F /* Frameworks */,
				DAD507BF270453A40051165F /* Resources */,
			);
			buildRules = (
			);
			dependencies = (
				DAD507C3270453A40051165F /* PBXTargetDependency */,
			);
			name = QRnaUITests;
			productName = QRnaUITests;
			productReference = DAD507C1270453A40051165F /* QRnaUITests.xctest */;
			productType = "com.apple.product-type.bundle.ui-testing";
		};
/* End PBXNativeTarget section */

/* Begin PBXProject section */
		DAD50798270453A10051165F /* Project object */ = {
			isa = PBXProject;
			attributes = {
				LastSwiftUpdateCheck = 1250;
				LastUpgradeCheck = 1250;
				TargetAttributes = {
					DAD5079F270453A10051165F = {
						CreatedOnToolsVersion = 12.5.1;
					};
					DAD507B5270453A40051165F = {
						CreatedOnToolsVersion = 12.5.1;
						TestTargetID = DAD5079F270453A10051165F;
					};
					DAD507C0270453A40051165F = {
						CreatedOnToolsVersion = 12.5.1;
						TestTargetID = DAD5079F270453A10051165F;
					};
				};
			};
			buildConfigurationList = DAD5079B270453A10051165F /* Build configuration list for PBXProject "QRna" */;
			compatibilityVersion = "Xcode 9.3";
			developmentRegion = en;
			hasScannedForEncodings = 0;
			knownRegions = (
				en,
				Base,
			);
			mainGroup = DAD50797270453A10051165F;
			productRefGroup = DAD507A1270453A10051165F /* Products */;
			projectDirPath = "";
			projectRoot = "";
			targets = (
				DAD5079F270453A10051165F /* QRna */,
				DAD507B5270453A40051165F /* QRnaTests */,
				DAD507C0270453A40051165F /* QRnaUITests */,
			);
		};
/* End PBXProject section */

/* Begin PBXResourcesBuildPhase section */
		DAD5079E270453A10051165F /* Resources */ = {
			isa = PBXResourcesBuildPhase;
			buildActionMask = 2147483647;
			files = (
				DAD507B0270453A30051165F /* LaunchScreen.storyboard in Resources */,
				DAD507AD270453A30051165F /* Assets.xcassets in Resources */,
				DAD507AB270453A10051165F /* Main.storyboard in Resources */,
			);
			runOnlyForDeploymentPostprocessing = 0;
		};
		DAD507B4270453A40051165F /* Resources */ = {
			isa = PBXResourcesBuildPhase;
			buildActionMask = 2147483647;
			files = (
			);
			runOnlyForDeploymentPostprocessing = 0;
		};
		DAD507BF270453A40051165F /* Resources */ = {
			isa = PBXResourcesBuildPhase;
			buildActionMask = 2147483647;
			files = (
			);
			runOnlyForDeploymentPostprocessing = 0;
		};
/* End PBXResourcesBuildPhase section */

/* Begin PBXSourcesBuildPhase section */
		DAD5079C270453A10051165F /* Sources */ = {
			isa = PBXSourcesBuildPhase;
			buildActionMask = 2147483647;
			files = (
				DAD507A8270453A10051165F /* ViewController.swift in Sources */,
				DAD507A4270453A10051165F /* AppDelegate.swift in Sources */,
				DAD507A6270453A10051165F /* SceneDelegate.swift in Sources */,
			);
			runOnlyForDeploymentPostprocessing = 0;
		};
		DAD507B2270453A40051165F /* Sources */ = {
			isa = PBXSourcesBuildPhase;
			buildActionMask = 2147483647;
			files = (
				DAD507BB270453A40051165F /* QRnaTests.swift in Sources */,
			);
			runOnlyForDeploymentPostprocessing = 0;
		};
		DAD507BD270453A40051165F /* Sources */ = {
			isa = PBXSourcesBuildPhase;
			buildActionMask = 2147483647;
			files = (
				DAD507C6270453A40051165F /* QRnaUITests.swift in Sources */,
			);
			runOnlyForDeploymentPostprocessing = 0;
		};
/* End PBXSourcesBuildPhase section */

/* Begin PBXTargetDependency section */
		DAD507B8270453A40051165F /* PBXTargetDependency */ = {
			isa = PBXTargetDependency;
			target = DAD5079F270453A10051165F /* QRna */;
			targetProxy = DAD507B7270453A40051165F /* PBXContainerItemProxy */;
		};
		DAD507C3270453A40051165F /* PBXTargetDependency */ = {
			isa = PBXTargetDependency;
			target = DAD5079F270453A10051165F /* QRna */;
			targetProxy = DAD507C2270453A40051165F /* PBXContainerItemProxy */;
		};
/* End PBXTargetDependency section */

/* Begin PBXVariantGroup section */
		DAD507A9270453A10051165F /* Main.storyboard */ = {
			isa = PBXVariantGroup;
			children = (
				DAD507AA270453A10051165F /* Base */,
			);
			name = Main.storyboard;
			sourceTree = "<group>";
		};
		DAD507AE270453A30051165F /* LaunchScreen.storyboard */ = {
			isa = PBXVariantGroup;
			children = (
				DAD507AF270453A30051165F /* Base */,
			);
			name = LaunchScreen.storyboard;
			sourceTree = "<group>";
		};
/* End PBXVariantGroup section */

/* Begin XCBuildConfiguration section */
		DAD507C8270453A40051165F /* Debug */ = {
			isa = XCBuildConfiguration;
			buildSettings = {
				ALWAYS_SEARCH_USER_PATHS = NO;
				CLANG_ANALYZER_NONNULL = YES;
				CLANG_ANALYZER_NUMBER_OBJECT_CONVERSION = YES_AGGRESSIVE;
				CLANG_CXX_LANGUAGE_STANDARD = "gnu++14";
				CLANG_CXX_LIBRARY = "libc++";
				CLANG_ENABLE_MODULES = YES;
				CLANG_ENABLE_OBJC_ARC = YES;
				CLANG_ENABLE_OBJC_WEAK = YES;
				CLANG_WARN_BLOCK_CAPTURE_AUTORELEASING = YES;
				CLANG_WARN_BOOL_CONVERSION = YES;
				CLANG_WARN_COMMA = YES;
				CLANG_WARN_CONSTANT_CONVERSION = YES;
				CLANG_WARN_DEPRECATED_OBJC_IMPLEMENTATIONS = YES;
				CLANG_WARN_DIRECT_OBJC_ISA_USAGE = YES_ERROR;
				CLANG_WARN_DOCUMENTATION_COMMENTS = YES;
				CLANG_WARN_EMPTY_BODY = YES;
				CLANG_WARN_ENUM_CONVERSION = YES;
				CLANG_WARN_INFINITE_RECURSION = YES;
				CLANG_WARN_INT_CONVERSION = YES;
				CLANG_WARN_NON_LITERAL_NULL_CONVERSION = YES;
				CLANG_WARN_OBJC_IMPLICIT_RETAIN_SELF = YES;
				CLANG_WARN_OBJC_LITERAL_CONVERSION = YES;
				CLANG_WARN_OBJC_ROOT_CLASS = YES_ERROR;
				CLANG_WARN_QUOTED_INCLUDE_IN_FRAMEWORK_HEADER = YES;
				CLANG_WARN_RANGE_LOOP_ANALYSIS = YES;
				CLANG_WARN_STRICT_PROTOTYPES = YES;
				CLANG_WARN_SUSPICIOUS_MOVE = YES;
				CLANG_WARN_UNGUARDED_AVAILABILITY = YES_AGGRESSIVE;
				CLANG_WARN_UNREACHABLE_CODE = YES;
				CLANG_WARN__DUPLICATE_METHOD_MATCH = YES;
				COPY_PHASE_STRIP = NO;
				DEBUG_INFORMATION_FORMAT = dwarf;
				ENABLE_STRICT_OBJC_MSGSEND = YES;
				ENABLE_TESTABILITY = YES;
				GCC_C_LANGUAGE_STANDARD = gnu11;
				GCC_DYNAMIC_NO_PIC = NO;
				GCC_NO_COMMON_BLOCKS = YES;
				GCC_OPTIMIZATION_LEVEL = 0;
				GCC_PREPROCESSOR_DEFINITIONS = (
					"DEBUG=1",
					"$(inherited)",
				);
				GCC_WARN_64_TO_32_BIT_CONVERSION = YES;
				GCC_WARN_ABOUT_RETURN_TYPE = YES_ERROR;
				GCC_WARN_UNDECLARED_SELECTOR = YES;
				GCC_WARN_UNINITIALIZED_AUTOS = YES_AGGRESSIVE;
				GCC_WARN_UNUSED_FUNCTION = YES;
				GCC_WARN_UNUSED_VARIABLE = YES;
				IPHONEOS_DEPLOYMENT_TARGET = 14.5;
				MTL_ENABLE_DEBUG_INFO = INCLUDE_SOURCE;
				MTL_FAST_MATH = YES;
				ONLY_ACTIVE_ARCH = YES;
				SDKROOT = iphoneos;
				SWIFT_ACTIVE_COMPILATION_CONDITIONS = DEBUG;
				SWIFT_OPTIMIZATION_LEVEL = "-Onone";
			};
			name = Debug;
		};
		DAD507C9270453A40051165F /* Release */ = {
			isa = XCBuildConfiguration;
			buildSettings = {
				ALWAYS_SEARCH_USER_PATHS = NO;
				CLANG_ANALYZER_NONNULL = YES;
				CLANG_ANALYZER_NUMBER_OBJECT_CONVERSION = YES_AGGRESSIVE;
				CLANG_CXX_LANGUAGE_STANDARD = "gnu++14";
				CLANG_CXX_LIBRARY = "libc++";
				CLANG_ENABLE_MODULES = YES;
				CLANG_ENABLE_OBJC_ARC = YES;
				CLANG_ENABLE_OBJC_WEAK = YES;
				CLANG_WARN_BLOCK_CAPTURE_AUTORELEASING = YES;
				CLANG_WARN_BOOL_CONVERSION = YES;
				CLANG_WARN_COMMA = YES;
				CLANG_WARN_CONSTANT_CONVERSION = YES;
				CLANG_WARN_DEPRECATED_OBJC_IMPLEMENTATIONS = YES;
				CLANG_WARN_DIRECT_OBJC_ISA_USAGE = YES_ERROR;
				CLANG_WARN_DOCUMENTATION_COMMENTS = YES;
				CLANG_WARN_EMPTY_BODY = YES;
				CLANG_WARN_ENUM_CONVERSION = YES;
				CLANG_WARN_INFINITE_RECURSION = YES;
				CLANG_WARN_INT_CONVERSION = YES;
				CLANG_WARN_NON_LITERAL_NULL_CONVERSION = YES;
				CLANG_WARN_OBJC_IMPLICIT_RETAIN_SELF = YES;
				CLANG_WARN_OBJC_LITERAL_CONVERSION = YES;
				CLANG_WARN_OBJC_ROOT_CLASS = YES_ERROR;
				CLANG_WARN_QUOTED_INCLUDE_IN_FRAMEWORK_HEADER = YES;
				CLANG_WARN_RANGE_LOOP_ANALYSIS = YES;
				CLANG_WARN_STRICT_PROTOTYPES = YES;
				CLANG_WARN_SUSPICIOUS_MOVE = YES;
				CLANG_WARN_UNGUARDED_AVAILABILITY = YES_AGGRESSIVE;
				CLANG_WARN_UNREACHABLE_CODE = YES;
				CLANG_WARN__DUPLICATE_METHOD_MATCH = YES;
				COPY_PHASE_STRIP = NO;
				DEBUG_INFORMATION_FORMAT = "dwarf-with-dsym";
				ENABLE_NS_ASSERTIONS = NO;
				ENABLE_STRICT_OBJC_MSGSEND = YES;
				GCC_C_LANGUAGE_STANDARD = gnu11;
				GCC_NO_COMMON_BLOCKS = YES;
				GCC_WARN_64_TO_32_BIT_CONVERSION = YES;
				GCC_WARN_ABOUT_RETURN_TYPE = YES_ERROR;
				GCC_WARN_UNDECLARED_SELECTOR = YES;
				GCC_WARN_UNINITIALIZED_AUTOS = YES_AGGRESSIVE;
				GCC_WARN_UNUSED_FUNCTION = YES;
				GCC_WARN_UNUSED_VARIABLE = YES;
				IPHONEOS_DEPLOYMENT_TARGET = 14.5;
				MTL_ENABLE_DEBUG_INFO = NO;
				MTL_FAST_MATH = YES;
				SDKROOT = iphoneos;
				SWIFT_COMPILATION_MODE = wholemodule;
				SWIFT_OPTIMIZATION_LEVEL = "-O";
				VALIDATE_PRODUCT = YES;
			};
			name = Release;
		};
		DAD507CB270453A40051165F /* Debug */ = {
			isa = XCBuildConfiguration;
			buildSettings = {
				ASSETCATALOG_COMPILER_APPICON_NAME = AppIcon;
				ASSETCATALOG_COMPILER_GLOBAL_ACCENT_COLOR_NAME = AccentColor;
				CODE_SIGN_STYLE = Automatic;
				DEVELOPMENT_TEAM = L96BVXND6V;
				INFOPLIST_FILE = QRna/Info.plist;
				LD_RUNPATH_SEARCH_PATHS = (
					"$(inherited)",
					"@executable_path/Frameworks",
				);
				PRODUCT_BUNDLE_IDENTIFIER = com.QRna;
				PRODUCT_NAME = "$(TARGET_NAME)";
				SWIFT_VERSION = 5.0;
				TARGETED_DEVICE_FAMILY = "1,2";
			};
			name = Debug;
		};
		DAD507CC270453A40051165F /* Release */ = {
			isa = XCBuildConfiguration;
			buildSettings = {
				ASSETCATALOG_COMPILER_APPICON_NAME = AppIcon;
				ASSETCATALOG_COMPILER_GLOBAL_ACCENT_COLOR_NAME = AccentColor;
				CODE_SIGN_STYLE = Automatic;
				DEVELOPMENT_TEAM = L96BVXND6V;
				INFOPLIST_FILE = QRna/Info.plist;
				LD_RUNPATH_SEARCH_PATHS = (
					"$(inherited)",
					"@executable_path/Frameworks",
				);
				PRODUCT_BUNDLE_IDENTIFIER = com.QRna;
				PRODUCT_NAME = "$(TARGET_NAME)";
				SWIFT_VERSION = 5.0;
				TARGETED_DEVICE_FAMILY = "1,2";
			};
			name = Release;
		};
		DAD507CE270453A40051165F /* Debug */ = {
			isa = XCBuildConfiguration;
			buildSettings = {
				ALWAYS_EMBED_SWIFT_STANDARD_LIBRARIES = YES;
				BUNDLE_LOADER = "$(TEST_HOST)";
				CODE_SIGN_STYLE = Automatic;
				DEVELOPMENT_TEAM = L96BVXND6V;
				INFOPLIST_FILE = QRnaTests/Info.plist;
				IPHONEOS_DEPLOYMENT_TARGET = 14.5;
				LD_RUNPATH_SEARCH_PATHS = (
					"$(inherited)",
					"@executable_path/Frameworks",
					"@loader_path/Frameworks",
				);
				PRODUCT_BUNDLE_IDENTIFIER = com.QRnaTests;
				PRODUCT_NAME = "$(TARGET_NAME)";
				SWIFT_VERSION = 5.0;
				TARGETED_DEVICE_FAMILY = "1,2";
				TEST_HOST = "$(BUILT_PRODUCTS_DIR)/QRna.app/QRna";
			};
			name = Debug;
		};
		DAD507CF270453A40051165F /* Release */ = {
			isa = XCBuildConfiguration;
			buildSettings = {
				ALWAYS_EMBED_SWIFT_STANDARD_LIBRARIES = YES;
				BUNDLE_LOADER = "$(TEST_HOST)";
				CODE_SIGN_STYLE = Automatic;
				DEVELOPMENT_TEAM = L96BVXND6V;
				INFOPLIST_FILE = QRnaTests/Info.plist;
				IPHONEOS_DEPLOYMENT_TARGET = 14.5;
				LD_RUNPATH_SEARCH_PATHS = (
					"$(inherited)",
					"@executable_path/Frameworks",
					"@loader_path/Frameworks",
				);
				PRODUCT_BUNDLE_IDENTIFIER = com.QRnaTests;
				PRODUCT_NAME = "$(TARGET_NAME)";
				SWIFT_VERSION = 5.0;
				TARGETED_DEVICE_FAMILY = "1,2";
				TEST_HOST = "$(BUILT_PRODUCTS_DIR)/QRna.app/QRna";
			};
			name = Release;
		};
		DAD507D1270453A40051165F /* Debug */ = {
			isa = XCBuildConfiguration;
			buildSettings = {
				ALWAYS_EMBED_SWIFT_STANDARD_LIBRARIES = YES;
				CODE_SIGN_STYLE = Automatic;
				DEVELOPMENT_TEAM = L96BVXND6V;
				INFOPLIST_FILE = QRnaUITests/Info.plist;
				LD_RUNPATH_SEARCH_PATHS = (
					"$(inherited)",
					"@executable_path/Frameworks",
					"@loader_path/Frameworks",
				);
				PRODUCT_BUNDLE_IDENTIFIER = com.QRnaUITests;
				PRODUCT_NAME = "$(TARGET_NAME)";
				SWIFT_VERSION = 5.0;
				TARGETED_DEVICE_FAMILY = "1,2";
				TEST_TARGET_NAME = QRna;
			};
			name = Debug;
		};
		DAD507D2270453A40051165F /* Release */ = {
			isa = XCBuildConfiguration;
			buildSettings = {
				ALWAYS_EMBED_SWIFT_STANDARD_LIBRARIES = YES;
				CODE_SIGN_STYLE = Automatic;
				DEVELOPMENT_TEAM = L96BVXND6V;
				INFOPLIST_FILE = QRnaUITests/Info.plist;
				LD_RUNPATH_SEARCH_PATHS = (
					"$(inherited)",
					"@executable_path/Frameworks",
					"@loader_path/Frameworks",
				);
				PRODUCT_BUNDLE_IDENTIFIER = com.QRnaUITests;
				PRODUCT_NAME = "$(TARGET_NAME)";
				SWIFT_VERSION = 5.0;
				TARGETED_DEVICE_FAMILY = "1,2";
				TEST_TARGET_NAME = QRna;
			};
			name = Release;
		};
/* End XCBuildConfiguration section */

/* Begin XCConfigurationList section */
		DAD5079B270453A10051165F /* Build configuration list for PBXProject "QRna" */ = {
			isa = XCConfigurationList;
			buildConfigurations = (
				DAD507C8270453A40051165F /* Debug */,
				DAD507C9270453A40051165F /* Release */,
			);
			defaultConfigurationIsVisible = 0;
			defaultConfigurationName = Release;
		};
		DAD507CA270453A40051165F /* Build configuration list for PBXNativeTarget "QRna" */ = {
			isa = XCConfigurationList;
			buildConfigurations = (
				DAD507CB270453A40051165F /* Debug */,
				DAD507CC270453A40051165F /* Release */,
			);
			defaultConfigurationIsVisible = 0;
			defaultConfigurationName = Release;
		};
		DAD507CD270453A40051165F /* Build configuration list for PBXNativeTarget "QRnaTests" */ = {
			isa = XCConfigurationList;
			buildConfigurations = (
				DAD507CE270453A40051165F /* Debug */,
				DAD507CF270453A40051165F /* Release */,
			);
			defaultConfigurationIsVisible = 0;
			defaultConfigurationName = Release;
		};
		DAD507D0270453A40051165F /* Build configuration list for PBXNativeTarget "QRnaUITests" */ = {
			isa = XCConfigurationList;
			buildConfigurations = (
				DAD507D1270453A40051165F /* Debug */,
				DAD507D2270453A40051165F /* Release */,
			);
			defaultConfigurationIsVisible = 0;
			defaultConfigurationName = Release;
		};
/* End XCConfigurationList section */
	};
	rootObject = DAD50798270453A10051165F /* Project object */;
}
